
Microsoft Visual Studio Solution File, Format Version 12.00
# Visual Studio 14
VisualStudioVersion = 14.0.25123.0
MinimumVisualStudioVersion = 10.0.40219.1
Project("{FAE04EC0-301F-11D3-BF4B-00C04F79EFBC}") = "StockExchange.Admin", "StockExchange.Admin\StockExchange.Admin.csproj", "{76AB392D-2A16-44CC-94BB-38B825445673}"
EndProject
Project("{2150E333-8FDC-42A3-9474-1A3956D46DE8}") = "Client", "Client", "{7B522523-3E42-431C-9679-467032DF9ED5}"
EndProject
Project("{FAE04EC0-301F-11D3-BF4B-00C04F79EFBC}") = "StockExchange.Host", "StockExchange.Host\StockExchange.Host.csproj", "{98E7DDDF-E7B9-4CC3-96BB-0AEA4A0F246A}"
EndProject
Project("{FAE04EC0-301F-11D3-BF4B-00C04F79EFBC}") = "StockExchange.Contracts", "StockExchange.Contracts\StockExchange.Contracts.csproj", "{C7983D64-FE72-4550-8EFC-217291ACA011}"
EndProject
Project("{FAE04EC0-301F-11D3-BF4B-00C04F79EFBC}") = "StockExchange.Buyer", "StockExchange.Buyer\StockExchange.Buyer.csproj", "{5070BCE2-BA77-44D4-8620-B3FCDA388BB2}"
EndProject
Project("{FAE04EC0-301F-11D3-BF4B-00C04F79EFBC}") = "StockExchange.Services", "StockExchange.Services\StockExchange.Services.csproj", "{FB2B9F6A-DAB1-487E-BDAE-5F6DC93479E1}"
EndProject
Project("{FAE04EC0-301F-11D3-BF4B-00C04F79EFBC}") = "StockExchange.Proxies", "StockExchange.Proxies\StockExchange.Proxies.csproj", "{E3AA9400-8BB4-49C3-A488-E689E752CC65}"
EndProject
Project("{2150E333-8FDC-42A3-9474-1A3956D46DE8}") = "Businnes Layer", "Businnes Layer", "{7352C56E-C6A3-4254-915B-3CD3106D778B}"
EndProject
Project("{FAE04EC0-301F-11D3-BF4B-00C04F79EFBC}") = "StockExchange.Data", "StockExchange.Data\StockExchange.Data.csproj", "{B02EA783-38B0-499D-B73A-7CC5D11A36D8}"
EndProject
Project("{FAE04EC0-301F-11D3-BF4B-00C04F79EFBC}") = "StockExchange.Repository", "StockExchange.Repository\StockExchange.Repository.csproj", "{A6EBD6EE-B309-4631-A9CF-18E400EF213A}"
EndProject
Project("{2150E333-8FDC-42A3-9474-1A3956D46DE8}") = "Shared Components", "Shared Components", "{9274FF23-2729-4008-8FAE-CD396CD15952}"
EndProject
Project("{2150E333-8FDC-42A3-9474-1A3956D46DE8}") = "Data Access Layer", "Data Access Layer", "{3EA65A81-EDB6-4D9C-B75F-2BFFEE5E48CA}"
EndProject
Global
	GlobalSection(SolutionConfigurationPlatforms) = preSolution
		Debug|Any CPU = Debug|Any CPU
		Release|Any CPU = Release|Any CPU
	EndGlobalSection
	GlobalSection(ProjectConfigurationPlatforms) = postSolution
		{76AB392D-2A16-44CC-94BB-38B825445673}.Debug|Any CPU.ActiveCfg = Debug|Any CPU
		{76AB392D-2A16-44CC-94BB-38B825445673}.Debug|Any CPU.Build.0 = Debug|Any CPU
		{76AB392D-2A16-44CC-94BB-38B825445673}.Release|Any CPU.ActiveCfg = Release|Any CPU
		{76AB392D-2A16-44CC-94BB-38B825445673}.Release|Any CPU.Build.0 = Release|Any CPU
		{98E7DDDF-E7B9-4CC3-96BB-0AEA4A0F246A}.Debug|Any CPU.ActiveCfg = Debug|Any CPU
		{98E7DDDF-E7B9-4CC3-96BB-0AEA4A0F246A}.Debug|Any CPU.Build.0 = Debug|Any CPU
		{98E7DDDF-E7B9-4CC3-96BB-0AEA4A0F246A}.Release|Any CPU.ActiveCfg = Release|Any CPU
		{98E7DDDF-E7B9-4CC3-96BB-0AEA4A0F246A}.Release|Any CPU.Build.0 = Release|Any CPU
		{C7983D64-FE72-4550-8EFC-217291ACA011}.Debug|Any CPU.ActiveCfg = Debug|Any CPU
		{C7983D64-FE72-4550-8EFC-217291ACA011}.Debug|Any CPU.Build.0 = Debug|Any CPU
		{C7983D64-FE72-4550-8EFC-217291ACA011}.Release|Any CPU.ActiveCfg = Release|Any CPU
		{C7983D64-FE72-4550-8EFC-217291ACA011}.Release|Any CPU.Build.0 = Release|Any CPU
		{5070BCE2-BA77-44D4-8620-B3FCDA388BB2}.Debug|Any CPU.ActiveCfg = Debug|Any CPU
		{5070BCE2-BA77-44D4-8620-B3FCDA388BB2}.Debug|Any CPU.Build.0 = Debug|Any CPU
		{5070BCE2-BA77-44D4-8620-B3FCDA388BB2}.Release|Any CPU.ActiveCfg = Release|Any CPU
		{5070BCE2-BA77-44D4-8620-B3FCDA388BB2}.Release|Any CPU.Build.0 = Release|Any CPU
		{FB2B9F6A-DAB1-487E-BDAE-5F6DC93479E1}.Debug|Any CPU.ActiveCfg = Debug|Any CPU
		{FB2B9F6A-DAB1-487E-BDAE-5F6DC93479E1}.Debug|Any CPU.Build.0 = Debug|Any CPU
		{FB2B9F6A-DAB1-487E-BDAE-5F6DC93479E1}.Release|Any CPU.ActiveCfg = Release|Any CPU
		{FB2B9F6A-DAB1-487E-BDAE-5F6DC93479E1}.Release|Any CPU.Build.0 = Release|Any CPU
		{E3AA9400-8BB4-49C3-A488-E689E752CC65}.Debug|Any CPU.ActiveCfg = Debug|Any CPU
		{E3AA9400-8BB4-49C3-A488-E689E752CC65}.Debug|Any CPU.Build.0 = Debug|Any CPU
		{E3AA9400-8BB4-49C3-A488-E689E752CC65}.Release|Any CPU.ActiveCfg = Release|Any CPU
		{E3AA9400-8BB4-49C3-A488-E689E752CC65}.Release|Any CPU.Build.0 = Release|Any CPU
		{B02EA783-38B0-499D-B73A-7CC5D11A36D8}.Debug|Any CPU.ActiveCfg = Debug|Any CPU
		{B02EA783-38B0-499D-B73A-7CC5D11A36D8}.Debug|Any CPU.Build.0 = Debug|Any CPU
		{B02EA783-38B0-499D-B73A-7CC5D11A36D8}.Release|Any CPU.ActiveCfg = Release|Any CPU
		{B02EA783-38B0-499D-B73A-7CC5D11A36D8}.Release|Any CPU.Build.0 = Release|Any CPU
		{A6EBD6EE-B309-4631-A9CF-18E400EF213A}.Debug|Any CPU.ActiveCfg = Debug|Any CPU
		{A6EBD6EE-B309-4631-A9CF-18E400EF213A}.Debug|Any CPU.Build.0 = Debug|Any CPU
		{A6EBD6EE-B309-4631-A9CF-18E400EF213A}.Release|Any CPU.ActiveCfg = Release|Any CPU
		{A6EBD6EE-B309-4631-A9CF-18E400EF213A}.Release|Any CPU.Build.0 = Release|Any CPU
	EndGlobalSection
	GlobalSection(SolutionProperties) = preSolution
		HideSolutionNode = FALSE
	EndGlobalSection
	GlobalSection(NestedProjects) = preSolution
		{76AB392D-2A16-44CC-94BB-38B825445673} = {7B522523-3E42-431C-9679-467032DF9ED5}
		{98E7DDDF-E7B9-4CC3-96BB-0AEA4A0F246A} = {7352C56E-C6A3-4254-915B-3CD3106D778B}
		{C7983D64-FE72-4550-8EFC-217291ACA011} = {9274FF23-2729-4008-8FAE-CD396CD15952}
		{5070BCE2-BA77-44D4-8620-B3FCDA388BB2} = {7B522523-3E42-431C-9679-467032DF9ED5}
		{FB2B9F6A-DAB1-487E-BDAE-5F6DC93479E1} = {7352C56E-C6A3-4254-915B-3CD3106D778B}
		{E3AA9400-8BB4-49C3-A488-E689E752CC65} = {7B522523-3E42-431C-9679-467032DF9ED5}
		{B02EA783-38B0-499D-B73A-7CC5D11A36D8} = {3EA65A81-EDB6-4D9C-B75F-2BFFEE5E48CA}
		{A6EBD6EE-B309-4631-A9CF-18E400EF213A} = {3EA65A81-EDB6-4D9C-B75F-2BFFEE5E48CA}
	EndGlobalSection
EndGlobal
